
Microsoft Visual Studio Solution File, Format Version 12.00
# Visual Studio Version 17
VisualStudioVersion = 17.6.33723.286
MinimumVisualStudioVersion = 10.0.40219.1
Project("{9A19103F-16F7-4668-BE54-9A1E7A4F7556}") = "OOP", "OOP\OOP.csproj", "{08E1CEA9-9EB6-43B5-8D0A-911E9E92F607}"
EndProject
Project("{9A19103F-16F7-4668-BE54-9A1E7A4F7556}") = "Singleton", "Singleton\Singleton.csproj", "{8A6A69BE-20F0-45C7-93E1-6EF538716D1E}"
EndProject
Project("{9A19103F-16F7-4668-BE54-9A1E7A4F7556}") = "Builder", "Builder\Builder.csproj", "{89C48A77-031F-4B0B-97D3-DF9380541ED7}"
EndProject
Project("{9A19103F-16F7-4668-BE54-9A1E7A4F7556}") = "Prototype", "Prototype\Prototype.csproj", "{3F015A07-0D6F-4818-BF98-CFEE2631AAE2}"
EndProject
Project("{9A19103F-16F7-4668-BE54-9A1E7A4F7556}") = "Bridge", "Bridge\Bridge.csproj", "{46F66ED2-0AE0-4983-9F38-EC3B81348ACB}"
EndProject
Project("{9A19103F-16F7-4668-BE54-9A1E7A4F7556}") = "Adapter", "Adapter\Adapter.csproj", "{70E531CF-F416-45EF-B2F7-01B24B2CA2E2}"
EndProject
Project("{9A19103F-16F7-4668-BE54-9A1E7A4F7556}") = "Composite", "Composite\Composite.csproj", "{71D82DD9-FD54-4124-8350-34E8CCBF0656}"
EndProject
Project("{9A19103F-16F7-4668-BE54-9A1E7A4F7556}") = "Decorator", "Decorator\Decorator.csproj", "{8A22CEB0-455D-4948-AA78-1EFE19F20080}"
EndProject
Project("{9A19103F-16F7-4668-BE54-9A1E7A4F7556}") = "Facade", "Facade\Facade.csproj", "{1065ED21-3171-49D6-91B8-8DFA7AB9476E}"
EndProject
Project("{9A19103F-16F7-4668-BE54-9A1E7A4F7556}") = "Proxy", "Proxy\Proxy.csproj", "{EA004469-5491-40D5-AFA6-87B9E6FEBBDA}"
EndProject
Project("{9A19103F-16F7-4668-BE54-9A1E7A4F7556}") = "Strategy", "Strategy\Strategy.csproj", "{F65B839E-B0A2-48B3-9C81-1DD6C112D402}"
EndProject
Project("{9A19103F-16F7-4668-BE54-9A1E7A4F7556}") = "Visitor", "Visitor\Visitor.csproj", "{4F78B915-6831-40E2-8CB4-6700C9805D02}"
EndProject
Project("{9A19103F-16F7-4668-BE54-9A1E7A4F7556}") = "Memento", "Memento\Memento.csproj", "{5C8CD0A5-88DF-4C5B-978F-C05D1EE74B9D}"
EndProject
Project("{9A19103F-16F7-4668-BE54-9A1E7A4F7556}") = "Observer", "Observer\Observer.csproj", "{FC002E02-A987-4631-B332-5114CBC153AD}"
EndProject
Project("{9A19103F-16F7-4668-BE54-9A1E7A4F7556}") = "Factory", "Factory\Factory.csproj", "{1DAC2EA3-76B9-4563-9BBF-DD1C4752649A}"
EndProject
Project("{9A19103F-16F7-4668-BE54-9A1E7A4F7556}") = "CarBuilder", "CarBuilder\CarBuilder.csproj", "{A9FCD8E8-A399-481C-8F6E-8BA52B88C8DC}"
EndProject
Project("{9A19103F-16F7-4668-BE54-9A1E7A4F7556}") = "ColorPrototype", "ColorPrototype\ColorPrototype.csproj", "{A6D47FEF-A1E2-4908-A139-8ECE3CAE689E}"
EndProject
Project("{9A19103F-16F7-4668-BE54-9A1E7A4F7556}") = "OralExamFacade", "OralExamFacade\OralExamFacade.csproj", "{CAC0B981-45E4-4F9D-9503-0A6734834E42}"
EndProject
Project("{9A19103F-16F7-4668-BE54-9A1E7A4F7556}") = "ImageProxy", "ImageProxy\ImageProxy.csproj", "{DEF9035A-8BB8-489C-9822-2209987B2856}"
EndProject
Project("{9A19103F-16F7-4668-BE54-9A1E7A4F7556}") = "MessageDecorater", "MessageDecorater\MessageDecorater.csproj", "{3849A1E3-1D1D-41C7-89FA-4A56A8ADD8A4}"
EndProject
Project("{9A19103F-16F7-4668-BE54-9A1E7A4F7556}") = "QuestMembersComposite", "QuestMembersComposite\QuestMembersComposite.csproj", "{0ED09D8D-E966-4D96-AD56-FE2DECA844B6}"
EndProject
Project("{9A19103F-16F7-4668-BE54-9A1E7A4F7556}") = "RadiusPegAdapter", "RadiusPegAdapter\RadiusPegAdapter.csproj", "{561BA9FF-AF17-4B0E-9F67-B09202ED0E7D}"
EndProject
Project("{9A19103F-16F7-4668-BE54-9A1E7A4F7556}") = "MessageSenderBridge", "MessageSenderBridge\MessageSenderBridge.csproj", "{B02FF1D1-ED7E-412D-8AAD-317613F7E347}"
EndProject
Project("{9A19103F-16F7-4668-BE54-9A1E7A4F7556}") = "SoftwareProjectMemento", "SoftwareProjectMemento\SoftwareProjectMemento.csproj", "{D39B0F5D-0564-458D-8549-3C9C70811068}"
EndProject
Project("{9A19103F-16F7-4668-BE54-9A1E7A4F7556}") = "SortingStrategy", "SortingStrategy\SortingStrategy.csproj", "{4DA2466F-DDC5-4DF1-AA12-4E4E62CEB287}"
EndProject
Project("{9A19103F-16F7-4668-BE54-9A1E7A4F7556}") = "CryptoObserver", "CryptoObserver\CryptoObserver.csproj", "{6C88AC9E-33D3-4E82-BE43-F0973F6B38E5}"
EndProject
Project("{9A19103F-16F7-4668-BE54-9A1E7A4F7556}") = "DocumentVisitor", "DocumentVisitor\DocumentVisitor.csproj", "{8690C5C3-9BC6-4DA0-A38F-FB21CF5AAA15}"
EndProject
Project("{9A19103F-16F7-4668-BE54-9A1E7A4F7556}") = "ChainOfResponsibility", "ChainOfResponsibility\ChainOfResponsibility.csproj", "{427B58CC-506C-44ED-98F3-FDBE1F025AF1}"
EndProject
Project("{9A19103F-16F7-4668-BE54-9A1E7A4F7556}") = "Animal", "Animal\Animal.csproj", "{6C6D4008-6088-4078-A172-60894978ECDA}"
EndProject
Project("{9A19103F-16F7-4668-BE54-9A1E7A4F7556}") = "Mediator", "Mediator\Mediator.csproj", "{6A055AE6-7886-44A3-8A2D-DAD10275DD83}"
EndProject
Project("{9A19103F-16F7-4668-BE54-9A1E7A4F7556}") = "Command", "Command\Command.csproj", "{A2C57181-13F3-4794-80C3-F1E6FDAD63EA}"
EndProject
Project("{9A19103F-16F7-4668-BE54-9A1E7A4F7556}") = "State", "State\State.csproj", "{83B27A99-6A81-4E09-BD2B-5E2BA7BA8B9B}"
EndProject
Project("{9A19103F-16F7-4668-BE54-9A1E7A4F7556}") = "Iterator", "Iterator\Iterator.csproj", "{563543A5-9E2D-434B-9EA4-E0B02147B7AF}"
EndProject
Project("{9A19103F-16F7-4668-BE54-9A1E7A4F7556}") = "TemplateMethod", "Template Method\TemplateMethod.csproj", "{39B56A8D-7A91-4906-8AC4-25FC4668BE1E}"
EndProject
Project("{9A19103F-16F7-4668-BE54-9A1E7A4F7556}") = "NullObject", "Null object\NullObject.csproj", "{E278A5B1-D11B-4DD4-8007-4BE9565B25FB}"
EndProject
Project("{FAE04EC0-301F-11D3-BF4B-00C04F79EFBC}") = "Flyweight", "Flyweight\Flyweight.csproj", "{6BC9D60A-1DB0-4715-915F-31110200BA9F}"
EndProject
Global
	GlobalSection(SolutionConfigurationPlatforms) = preSolution
		Debug|Any CPU = Debug|Any CPU
		Release|Any CPU = Release|Any CPU
	EndGlobalSection
	GlobalSection(ProjectConfigurationPlatforms) = postSolution
		{08E1CEA9-9EB6-43B5-8D0A-911E9E92F607}.Debug|Any CPU.ActiveCfg = Debug|Any CPU
		{08E1CEA9-9EB6-43B5-8D0A-911E9E92F607}.Debug|Any CPU.Build.0 = Debug|Any CPU
		{08E1CEA9-9EB6-43B5-8D0A-911E9E92F607}.Release|Any CPU.ActiveCfg = Release|Any CPU
		{08E1CEA9-9EB6-43B5-8D0A-911E9E92F607}.Release|Any CPU.Build.0 = Release|Any CPU
		{8A6A69BE-20F0-45C7-93E1-6EF538716D1E}.Debug|Any CPU.ActiveCfg = Debug|Any CPU
		{8A6A69BE-20F0-45C7-93E1-6EF538716D1E}.Debug|Any CPU.Build.0 = Debug|Any CPU
		{8A6A69BE-20F0-45C7-93E1-6EF538716D1E}.Release|Any CPU.ActiveCfg = Release|Any CPU
		{8A6A69BE-20F0-45C7-93E1-6EF538716D1E}.Release|Any CPU.Build.0 = Release|Any CPU
		{89C48A77-031F-4B0B-97D3-DF9380541ED7}.Debug|Any CPU.ActiveCfg = Debug|Any CPU
		{89C48A77-031F-4B0B-97D3-DF9380541ED7}.Debug|Any CPU.Build.0 = Debug|Any CPU
		{89C48A77-031F-4B0B-97D3-DF9380541ED7}.Release|Any CPU.ActiveCfg = Release|Any CPU
		{89C48A77-031F-4B0B-97D3-DF9380541ED7}.Release|Any CPU.Build.0 = Release|Any CPU
		{3F015A07-0D6F-4818-BF98-CFEE2631AAE2}.Debug|Any CPU.ActiveCfg = Debug|Any CPU
		{3F015A07-0D6F-4818-BF98-CFEE2631AAE2}.Debug|Any CPU.Build.0 = Debug|Any CPU
		{3F015A07-0D6F-4818-BF98-CFEE2631AAE2}.Release|Any CPU.ActiveCfg = Release|Any CPU
		{3F015A07-0D6F-4818-BF98-CFEE2631AAE2}.Release|Any CPU.Build.0 = Release|Any CPU
		{46F66ED2-0AE0-4983-9F38-EC3B81348ACB}.Debug|Any CPU.ActiveCfg = Debug|Any CPU
		{46F66ED2-0AE0-4983-9F38-EC3B81348ACB}.Debug|Any CPU.Build.0 = Debug|Any CPU
		{46F66ED2-0AE0-4983-9F38-EC3B81348ACB}.Release|Any CPU.ActiveCfg = Release|Any CPU
		{46F66ED2-0AE0-4983-9F38-EC3B81348ACB}.Release|Any CPU.Build.0 = Release|Any CPU
		{70E531CF-F416-45EF-B2F7-01B24B2CA2E2}.Debug|Any CPU.ActiveCfg = Debug|Any CPU
		{70E531CF-F416-45EF-B2F7-01B24B2CA2E2}.Debug|Any CPU.Build.0 = Debug|Any CPU
		{70E531CF-F416-45EF-B2F7-01B24B2CA2E2}.Release|Any CPU.ActiveCfg = Release|Any CPU
		{70E531CF-F416-45EF-B2F7-01B24B2CA2E2}.Release|Any CPU.Build.0 = Release|Any CPU
		{71D82DD9-FD54-4124-8350-34E8CCBF0656}.Debug|Any CPU.ActiveCfg = Debug|Any CPU
		{71D82DD9-FD54-4124-8350-34E8CCBF0656}.Debug|Any CPU.Build.0 = Debug|Any CPU
		{71D82DD9-FD54-4124-8350-34E8CCBF0656}.Release|Any CPU.ActiveCfg = Release|Any CPU
		{71D82DD9-FD54-4124-8350-34E8CCBF0656}.Release|Any CPU.Build.0 = Release|Any CPU
		{8A22CEB0-455D-4948-AA78-1EFE19F20080}.Debug|Any CPU.ActiveCfg = Debug|Any CPU
		{8A22CEB0-455D-4948-AA78-1EFE19F20080}.Debug|Any CPU.Build.0 = Debug|Any CPU
		{8A22CEB0-455D-4948-AA78-1EFE19F20080}.Release|Any CPU.ActiveCfg = Release|Any CPU
		{8A22CEB0-455D-4948-AA78-1EFE19F20080}.Release|Any CPU.Build.0 = Release|Any CPU
		{1065ED21-3171-49D6-91B8-8DFA7AB9476E}.Debug|Any CPU.ActiveCfg = Debug|Any CPU
		{1065ED21-3171-49D6-91B8-8DFA7AB9476E}.Debug|Any CPU.Build.0 = Debug|Any CPU
		{1065ED21-3171-49D6-91B8-8DFA7AB9476E}.Release|Any CPU.ActiveCfg = Release|Any CPU
		{1065ED21-3171-49D6-91B8-8DFA7AB9476E}.Release|Any CPU.Build.0 = Release|Any CPU
		{EA004469-5491-40D5-AFA6-87B9E6FEBBDA}.Debug|Any CPU.ActiveCfg = Debug|Any CPU
		{EA004469-5491-40D5-AFA6-87B9E6FEBBDA}.Debug|Any CPU.Build.0 = Debug|Any CPU
		{EA004469-5491-40D5-AFA6-87B9E6FEBBDA}.Release|Any CPU.ActiveCfg = Release|Any CPU
		{EA004469-5491-40D5-AFA6-87B9E6FEBBDA}.Release|Any CPU.Build.0 = Release|Any CPU
		{F65B839E-B0A2-48B3-9C81-1DD6C112D402}.Debug|Any CPU.ActiveCfg = Debug|Any CPU
		{F65B839E-B0A2-48B3-9C81-1DD6C112D402}.Debug|Any CPU.Build.0 = Debug|Any CPU
		{F65B839E-B0A2-48B3-9C81-1DD6C112D402}.Release|Any CPU.ActiveCfg = Release|Any CPU
		{F65B839E-B0A2-48B3-9C81-1DD6C112D402}.Release|Any CPU.Build.0 = Release|Any CPU
		{4F78B915-6831-40E2-8CB4-6700C9805D02}.Debug|Any CPU.ActiveCfg = Debug|Any CPU
		{4F78B915-6831-40E2-8CB4-6700C9805D02}.Debug|Any CPU.Build.0 = Debug|Any CPU
		{4F78B915-6831-40E2-8CB4-6700C9805D02}.Release|Any CPU.ActiveCfg = Release|Any CPU
		{4F78B915-6831-40E2-8CB4-6700C9805D02}.Release|Any CPU.Build.0 = Release|Any CPU
		{5C8CD0A5-88DF-4C5B-978F-C05D1EE74B9D}.Debug|Any CPU.ActiveCfg = Debug|Any CPU
		{5C8CD0A5-88DF-4C5B-978F-C05D1EE74B9D}.Debug|Any CPU.Build.0 = Debug|Any CPU
		{5C8CD0A5-88DF-4C5B-978F-C05D1EE74B9D}.Release|Any CPU.ActiveCfg = Release|Any CPU
		{5C8CD0A5-88DF-4C5B-978F-C05D1EE74B9D}.Release|Any CPU.Build.0 = Release|Any CPU
		{FC002E02-A987-4631-B332-5114CBC153AD}.Debug|Any CPU.ActiveCfg = Debug|Any CPU
		{FC002E02-A987-4631-B332-5114CBC153AD}.Debug|Any CPU.Build.0 = Debug|Any CPU
		{FC002E02-A987-4631-B332-5114CBC153AD}.Release|Any CPU.ActiveCfg = Release|Any CPU
		{FC002E02-A987-4631-B332-5114CBC153AD}.Release|Any CPU.Build.0 = Release|Any CPU
		{1DAC2EA3-76B9-4563-9BBF-DD1C4752649A}.Debug|Any CPU.ActiveCfg = Debug|Any CPU
		{1DAC2EA3-76B9-4563-9BBF-DD1C4752649A}.Debug|Any CPU.Build.0 = Debug|Any CPU
		{1DAC2EA3-76B9-4563-9BBF-DD1C4752649A}.Release|Any CPU.ActiveCfg = Release|Any CPU
		{1DAC2EA3-76B9-4563-9BBF-DD1C4752649A}.Release|Any CPU.Build.0 = Release|Any CPU
		{A9FCD8E8-A399-481C-8F6E-8BA52B88C8DC}.Debug|Any CPU.ActiveCfg = Debug|Any CPU
		{A9FCD8E8-A399-481C-8F6E-8BA52B88C8DC}.Debug|Any CPU.Build.0 = Debug|Any CPU
		{A9FCD8E8-A399-481C-8F6E-8BA52B88C8DC}.Release|Any CPU.ActiveCfg = Release|Any CPU
		{A9FCD8E8-A399-481C-8F6E-8BA52B88C8DC}.Release|Any CPU.Build.0 = Release|Any CPU
		{A6D47FEF-A1E2-4908-A139-8ECE3CAE689E}.Debug|Any CPU.ActiveCfg = Debug|Any CPU
		{A6D47FEF-A1E2-4908-A139-8ECE3CAE689E}.Debug|Any CPU.Build.0 = Debug|Any CPU
		{A6D47FEF-A1E2-4908-A139-8ECE3CAE689E}.Release|Any CPU.ActiveCfg = Release|Any CPU
		{A6D47FEF-A1E2-4908-A139-8ECE3CAE689E}.Release|Any CPU.Build.0 = Release|Any CPU
		{CAC0B981-45E4-4F9D-9503-0A6734834E42}.Debug|Any CPU.ActiveCfg = Debug|Any CPU
		{CAC0B981-45E4-4F9D-9503-0A6734834E42}.Debug|Any CPU.Build.0 = Debug|Any CPU
		{CAC0B981-45E4-4F9D-9503-0A6734834E42}.Release|Any CPU.ActiveCfg = Release|Any CPU
		{CAC0B981-45E4-4F9D-9503-0A6734834E42}.Release|Any CPU.Build.0 = Release|Any CPU
		{DEF9035A-8BB8-489C-9822-2209987B2856}.Debug|Any CPU.ActiveCfg = Debug|Any CPU
		{DEF9035A-8BB8-489C-9822-2209987B2856}.Debug|Any CPU.Build.0 = Debug|Any CPU
		{DEF9035A-8BB8-489C-9822-2209987B2856}.Release|Any CPU.ActiveCfg = Release|Any CPU
		{DEF9035A-8BB8-489C-9822-2209987B2856}.Release|Any CPU.Build.0 = Release|Any CPU
		{3849A1E3-1D1D-41C7-89FA-4A56A8ADD8A4}.Debug|Any CPU.ActiveCfg = Debug|Any CPU
		{3849A1E3-1D1D-41C7-89FA-4A56A8ADD8A4}.Debug|Any CPU.Build.0 = Debug|Any CPU
		{3849A1E3-1D1D-41C7-89FA-4A56A8ADD8A4}.Release|Any CPU.ActiveCfg = Release|Any CPU
		{3849A1E3-1D1D-41C7-89FA-4A56A8ADD8A4}.Release|Any CPU.Build.0 = Release|Any CPU
		{0ED09D8D-E966-4D96-AD56-FE2DECA844B6}.Debug|Any CPU.ActiveCfg = Debug|Any CPU
		{0ED09D8D-E966-4D96-AD56-FE2DECA844B6}.Debug|Any CPU.Build.0 = Debug|Any CPU
		{0ED09D8D-E966-4D96-AD56-FE2DECA844B6}.Release|Any CPU.ActiveCfg = Release|Any CPU
		{0ED09D8D-E966-4D96-AD56-FE2DECA844B6}.Release|Any CPU.Build.0 = Release|Any CPU
		{561BA9FF-AF17-4B0E-9F67-B09202ED0E7D}.Debug|Any CPU.ActiveCfg = Debug|Any CPU
		{561BA9FF-AF17-4B0E-9F67-B09202ED0E7D}.Debug|Any CPU.Build.0 = Debug|Any CPU
		{561BA9FF-AF17-4B0E-9F67-B09202ED0E7D}.Release|Any CPU.ActiveCfg = Release|Any CPU
		{561BA9FF-AF17-4B0E-9F67-B09202ED0E7D}.Release|Any CPU.Build.0 = Release|Any CPU
		{B02FF1D1-ED7E-412D-8AAD-317613F7E347}.Debug|Any CPU.ActiveCfg = Debug|Any CPU
		{B02FF1D1-ED7E-412D-8AAD-317613F7E347}.Debug|Any CPU.Build.0 = Debug|Any CPU
		{B02FF1D1-ED7E-412D-8AAD-317613F7E347}.Release|Any CPU.ActiveCfg = Release|Any CPU
		{B02FF1D1-ED7E-412D-8AAD-317613F7E347}.Release|Any CPU.Build.0 = Release|Any CPU
		{D39B0F5D-0564-458D-8549-3C9C70811068}.Debug|Any CPU.ActiveCfg = Debug|Any CPU
		{D39B0F5D-0564-458D-8549-3C9C70811068}.Debug|Any CPU.Build.0 = Debug|Any CPU
		{D39B0F5D-0564-458D-8549-3C9C70811068}.Release|Any CPU.ActiveCfg = Release|Any CPU
		{D39B0F5D-0564-458D-8549-3C9C70811068}.Release|Any CPU.Build.0 = Release|Any CPU
		{4DA2466F-DDC5-4DF1-AA12-4E4E62CEB287}.Debug|Any CPU.ActiveCfg = Debug|Any CPU
		{4DA2466F-DDC5-4DF1-AA12-4E4E62CEB287}.Debug|Any CPU.Build.0 = Debug|Any CPU
		{4DA2466F-DDC5-4DF1-AA12-4E4E62CEB287}.Release|Any CPU.ActiveCfg = Release|Any CPU
		{4DA2466F-DDC5-4DF1-AA12-4E4E62CEB287}.Release|Any CPU.Build.0 = Release|Any CPU
		{6C88AC9E-33D3-4E82-BE43-F0973F6B38E5}.Debug|Any CPU.ActiveCfg = Debug|Any CPU
		{6C88AC9E-33D3-4E82-BE43-F0973F6B38E5}.Debug|Any CPU.Build.0 = Debug|Any CPU
		{6C88AC9E-33D3-4E82-BE43-F0973F6B38E5}.Release|Any CPU.ActiveCfg = Release|Any CPU
		{6C88AC9E-33D3-4E82-BE43-F0973F6B38E5}.Release|Any CPU.Build.0 = Release|Any CPU
		{8690C5C3-9BC6-4DA0-A38F-FB21CF5AAA15}.Debug|Any CPU.ActiveCfg = Debug|Any CPU
		{8690C5C3-9BC6-4DA0-A38F-FB21CF5AAA15}.Debug|Any CPU.Build.0 = Debug|Any CPU
		{8690C5C3-9BC6-4DA0-A38F-FB21CF5AAA15}.Release|Any CPU.ActiveCfg = Release|Any CPU
		{8690C5C3-9BC6-4DA0-A38F-FB21CF5AAA15}.Release|Any CPU.Build.0 = Release|Any CPU
		{427B58CC-506C-44ED-98F3-FDBE1F025AF1}.Debug|Any CPU.ActiveCfg = Debug|Any CPU
		{427B58CC-506C-44ED-98F3-FDBE1F025AF1}.Debug|Any CPU.Build.0 = Debug|Any CPU
		{427B58CC-506C-44ED-98F3-FDBE1F025AF1}.Release|Any CPU.ActiveCfg = Release|Any CPU
		{427B58CC-506C-44ED-98F3-FDBE1F025AF1}.Release|Any CPU.Build.0 = Release|Any CPU
		{6C6D4008-6088-4078-A172-60894978ECDA}.Debug|Any CPU.ActiveCfg = Debug|Any CPU
		{6C6D4008-6088-4078-A172-60894978ECDA}.Debug|Any CPU.Build.0 = Debug|Any CPU
		{6C6D4008-6088-4078-A172-60894978ECDA}.Release|Any CPU.ActiveCfg = Release|Any CPU
		{6C6D4008-6088-4078-A172-60894978ECDA}.Release|Any CPU.Build.0 = Release|Any CPU
		{6A055AE6-7886-44A3-8A2D-DAD10275DD83}.Debug|Any CPU.ActiveCfg = Debug|Any CPU
		{6A055AE6-7886-44A3-8A2D-DAD10275DD83}.Debug|Any CPU.Build.0 = Debug|Any CPU
		{6A055AE6-7886-44A3-8A2D-DAD10275DD83}.Release|Any CPU.ActiveCfg = Release|Any CPU
		{6A055AE6-7886-44A3-8A2D-DAD10275DD83}.Release|Any CPU.Build.0 = Release|Any CPU
		{A2C57181-13F3-4794-80C3-F1E6FDAD63EA}.Debug|Any CPU.ActiveCfg = Debug|Any CPU
		{A2C57181-13F3-4794-80C3-F1E6FDAD63EA}.Debug|Any CPU.Build.0 = Debug|Any CPU
		{A2C57181-13F3-4794-80C3-F1E6FDAD63EA}.Release|Any CPU.ActiveCfg = Release|Any CPU
		{A2C57181-13F3-4794-80C3-F1E6FDAD63EA}.Release|Any CPU.Build.0 = Release|Any CPU
		{83B27A99-6A81-4E09-BD2B-5E2BA7BA8B9B}.Debug|Any CPU.ActiveCfg = Debug|Any CPU
		{83B27A99-6A81-4E09-BD2B-5E2BA7BA8B9B}.Debug|Any CPU.Build.0 = Debug|Any CPU
		{83B27A99-6A81-4E09-BD2B-5E2BA7BA8B9B}.Release|Any CPU.ActiveCfg = Release|Any CPU
		{83B27A99-6A81-4E09-BD2B-5E2BA7BA8B9B}.Release|Any CPU.Build.0 = Release|Any CPU
		{563543A5-9E2D-434B-9EA4-E0B02147B7AF}.Debug|Any CPU.ActiveCfg = Debug|Any CPU
		{563543A5-9E2D-434B-9EA4-E0B02147B7AF}.Debug|Any CPU.Build.0 = Debug|Any CPU
		{563543A5-9E2D-434B-9EA4-E0B02147B7AF}.Release|Any CPU.ActiveCfg = Release|Any CPU
		{563543A5-9E2D-434B-9EA4-E0B02147B7AF}.Release|Any CPU.Build.0 = Release|Any CPU
		{39B56A8D-7A91-4906-8AC4-25FC4668BE1E}.Debug|Any CPU.ActiveCfg = Debug|Any CPU
		{39B56A8D-7A91-4906-8AC4-25FC4668BE1E}.Debug|Any CPU.Build.0 = Debug|Any CPU
		{39B56A8D-7A91-4906-8AC4-25FC4668BE1E}.Release|Any CPU.ActiveCfg = Release|Any CPU
		{39B56A8D-7A91-4906-8AC4-25FC4668BE1E}.Release|Any CPU.Build.0 = Release|Any CPU
		{E278A5B1-D11B-4DD4-8007-4BE9565B25FB}.Debug|Any CPU.ActiveCfg = Debug|Any CPU
		{E278A5B1-D11B-4DD4-8007-4BE9565B25FB}.Debug|Any CPU.Build.0 = Debug|Any CPU
		{E278A5B1-D11B-4DD4-8007-4BE9565B25FB}.Release|Any CPU.ActiveCfg = Release|Any CPU
		{E278A5B1-D11B-4DD4-8007-4BE9565B25FB}.Release|Any CPU.Build.0 = Release|Any CPU
		{6BC9D60A-1DB0-4715-915F-31110200BA9F}.Debug|Any CPU.ActiveCfg = Debug|Any CPU
		{6BC9D60A-1DB0-4715-915F-31110200BA9F}.Debug|Any CPU.Build.0 = Debug|Any CPU
		{6BC9D60A-1DB0-4715-915F-31110200BA9F}.Release|Any CPU.ActiveCfg = Release|Any CPU
		{6BC9D60A-1DB0-4715-915F-31110200BA9F}.Release|Any CPU.Build.0 = Release|Any CPU
	EndGlobalSection
	GlobalSection(SolutionProperties) = preSolution
		HideSolutionNode = FALSE
	EndGlobalSection
	GlobalSection(ExtensibilityGlobals) = postSolution
		SolutionGuid = {AB14B1E4-143D-436C-88A8-61D3714BB0E0}
	EndGlobalSection
EndGlobal
