
Microsoft Visual Studio Solution File, Format Version 12.00
# Visual Studio Version 17
VisualStudioVersion = 17.6.33723.286
MinimumVisualStudioVersion = 10.0.40219.1
Project("{9A19103F-16F7-4668-BE54-9A1E7A4F7556}") = "OOP", "OOP\OOP.csproj", "{08E1CEA9-9EB6-43B5-8D0A-911E9E92F607}"
EndProject
Project("{9A19103F-16F7-4668-BE54-9A1E7A4F7556}") = "Singleton", "Singleton\Singleton.csproj", "{8A6A69BE-20F0-45C7-93E1-6EF538716D1E}"
EndProject
Project("{9A19103F-16F7-4668-BE54-9A1E7A4F7556}") = "Builder", "Builder\Builder.csproj", "{89C48A77-031F-4B0B-97D3-DF9380541ED7}"
EndProject
Project("{9A19103F-16F7-4668-BE54-9A1E7A4F7556}") = "Prototype", "Prototype\Prototype.csproj", "{3F015A07-0D6F-4818-BF98-CFEE2631AAE2}"
EndProject
Project("{9A19103F-16F7-4668-BE54-9A1E7A4F7556}") = "Bridge", "Bridge\Bridge.csproj", "{46F66ED2-0AE0-4983-9F38-EC3B81348ACB}"
EndProject
Project("{9A19103F-16F7-4668-BE54-9A1E7A4F7556}") = "Adapter", "Adapter\Adapter.csproj", "{70E531CF-F416-45EF-B2F7-01B24B2CA2E2}"
EndProject
Project("{9A19103F-16F7-4668-BE54-9A1E7A4F7556}") = "Composite", "Composite\Composite.csproj", "{71D82DD9-FD54-4124-8350-34E8CCBF0656}"
EndProject
Project("{9A19103F-16F7-4668-BE54-9A1E7A4F7556}") = "Decorator", "Decorator\Decorator.csproj", "{8A22CEB0-455D-4948-AA78-1EFE19F20080}"
EndProject
Project("{9A19103F-16F7-4668-BE54-9A1E7A4F7556}") = "Facade", "Facade\Facade.csproj", "{1065ED21-3171-49D6-91B8-8DFA7AB9476E}"
EndProject
Project("{9A19103F-16F7-4668-BE54-9A1E7A4F7556}") = "Proxy", "Proxy\Proxy.csproj", "{EA004469-5491-40D5-AFA6-87B9E6FEBBDA}"
EndProject
Project("{9A19103F-16F7-4668-BE54-9A1E7A4F7556}") = "Strategy", "Strategy\Strategy.csproj", "{F65B839E-B0A2-48B3-9C81-1DD6C112D402}"
EndProject
Project("{9A19103F-16F7-4668-BE54-9A1E7A4F7556}") = "Visitor", "Visitor\Visitor.csproj", "{4F78B915-6831-40E2-8CB4-6700C9805D02}"
EndProject
Project("{FAE04EC0-301F-11D3-BF4B-00C04F79EFBC}") = "Memento", "Memento\Memento.csproj", "{5C8CD0A5-88DF-4C5B-978F-C05D1EE74B9D}"
EndProject
Project("{FAE04EC0-301F-11D3-BF4B-00C04F79EFBC}") = "Observer", "Observer\Observer.csproj", "{FC002E02-A987-4631-B332-5114CBC153AD}"
EndProject
Global
	GlobalSection(SolutionConfigurationPlatforms) = preSolution
		Debug|Any CPU = Debug|Any CPU
		Release|Any CPU = Release|Any CPU
	EndGlobalSection
	GlobalSection(ProjectConfigurationPlatforms) = postSolution
		{08E1CEA9-9EB6-43B5-8D0A-911E9E92F607}.Debug|Any CPU.ActiveCfg = Debug|Any CPU
		{08E1CEA9-9EB6-43B5-8D0A-911E9E92F607}.Debug|Any CPU.Build.0 = Debug|Any CPU
		{08E1CEA9-9EB6-43B5-8D0A-911E9E92F607}.Release|Any CPU.ActiveCfg = Release|Any CPU
		{08E1CEA9-9EB6-43B5-8D0A-911E9E92F607}.Release|Any CPU.Build.0 = Release|Any CPU
		{8A6A69BE-20F0-45C7-93E1-6EF538716D1E}.Debug|Any CPU.ActiveCfg = Debug|Any CPU
		{8A6A69BE-20F0-45C7-93E1-6EF538716D1E}.Debug|Any CPU.Build.0 = Debug|Any CPU
		{8A6A69BE-20F0-45C7-93E1-6EF538716D1E}.Release|Any CPU.ActiveCfg = Release|Any CPU
		{8A6A69BE-20F0-45C7-93E1-6EF538716D1E}.Release|Any CPU.Build.0 = Release|Any CPU
		{89C48A77-031F-4B0B-97D3-DF9380541ED7}.Debug|Any CPU.ActiveCfg = Debug|Any CPU
		{89C48A77-031F-4B0B-97D3-DF9380541ED7}.Debug|Any CPU.Build.0 = Debug|Any CPU
		{89C48A77-031F-4B0B-97D3-DF9380541ED7}.Release|Any CPU.ActiveCfg = Release|Any CPU
		{89C48A77-031F-4B0B-97D3-DF9380541ED7}.Release|Any CPU.Build.0 = Release|Any CPU
		{3F015A07-0D6F-4818-BF98-CFEE2631AAE2}.Debug|Any CPU.ActiveCfg = Debug|Any CPU
		{3F015A07-0D6F-4818-BF98-CFEE2631AAE2}.Debug|Any CPU.Build.0 = Debug|Any CPU
		{3F015A07-0D6F-4818-BF98-CFEE2631AAE2}.Release|Any CPU.ActiveCfg = Release|Any CPU
		{3F015A07-0D6F-4818-BF98-CFEE2631AAE2}.Release|Any CPU.Build.0 = Release|Any CPU
		{46F66ED2-0AE0-4983-9F38-EC3B81348ACB}.Debug|Any CPU.ActiveCfg = Debug|Any CPU
		{46F66ED2-0AE0-4983-9F38-EC3B81348ACB}.Debug|Any CPU.Build.0 = Debug|Any CPU
		{46F66ED2-0AE0-4983-9F38-EC3B81348ACB}.Release|Any CPU.ActiveCfg = Release|Any CPU
		{46F66ED2-0AE0-4983-9F38-EC3B81348ACB}.Release|Any CPU.Build.0 = Release|Any CPU
		{70E531CF-F416-45EF-B2F7-01B24B2CA2E2}.Debug|Any CPU.ActiveCfg = Debug|Any CPU
		{70E531CF-F416-45EF-B2F7-01B24B2CA2E2}.Debug|Any CPU.Build.0 = Debug|Any CPU
		{70E531CF-F416-45EF-B2F7-01B24B2CA2E2}.Release|Any CPU.ActiveCfg = Release|Any CPU
		{70E531CF-F416-45EF-B2F7-01B24B2CA2E2}.Release|Any CPU.Build.0 = Release|Any CPU
		{71D82DD9-FD54-4124-8350-34E8CCBF0656}.Debug|Any CPU.ActiveCfg = Debug|Any CPU
		{71D82DD9-FD54-4124-8350-34E8CCBF0656}.Debug|Any CPU.Build.0 = Debug|Any CPU
		{71D82DD9-FD54-4124-8350-34E8CCBF0656}.Release|Any CPU.ActiveCfg = Release|Any CPU
		{71D82DD9-FD54-4124-8350-34E8CCBF0656}.Release|Any CPU.Build.0 = Release|Any CPU
		{8A22CEB0-455D-4948-AA78-1EFE19F20080}.Debug|Any CPU.ActiveCfg = Debug|Any CPU
		{8A22CEB0-455D-4948-AA78-1EFE19F20080}.Debug|Any CPU.Build.0 = Debug|Any CPU
		{8A22CEB0-455D-4948-AA78-1EFE19F20080}.Release|Any CPU.ActiveCfg = Release|Any CPU
		{8A22CEB0-455D-4948-AA78-1EFE19F20080}.Release|Any CPU.Build.0 = Release|Any CPU
		{1065ED21-3171-49D6-91B8-8DFA7AB9476E}.Debug|Any CPU.ActiveCfg = Debug|Any CPU
		{1065ED21-3171-49D6-91B8-8DFA7AB9476E}.Debug|Any CPU.Build.0 = Debug|Any CPU
		{1065ED21-3171-49D6-91B8-8DFA7AB9476E}.Release|Any CPU.ActiveCfg = Release|Any CPU
		{1065ED21-3171-49D6-91B8-8DFA7AB9476E}.Release|Any CPU.Build.0 = Release|Any CPU
		{EA004469-5491-40D5-AFA6-87B9E6FEBBDA}.Debug|Any CPU.ActiveCfg = Debug|Any CPU
		{EA004469-5491-40D5-AFA6-87B9E6FEBBDA}.Debug|Any CPU.Build.0 = Debug|Any CPU
		{EA004469-5491-40D5-AFA6-87B9E6FEBBDA}.Release|Any CPU.ActiveCfg = Release|Any CPU
		{EA004469-5491-40D5-AFA6-87B9E6FEBBDA}.Release|Any CPU.Build.0 = Release|Any CPU
		{F65B839E-B0A2-48B3-9C81-1DD6C112D402}.Debug|Any CPU.ActiveCfg = Debug|Any CPU
		{F65B839E-B0A2-48B3-9C81-1DD6C112D402}.Debug|Any CPU.Build.0 = Debug|Any CPU
		{F65B839E-B0A2-48B3-9C81-1DD6C112D402}.Release|Any CPU.ActiveCfg = Release|Any CPU
		{F65B839E-B0A2-48B3-9C81-1DD6C112D402}.Release|Any CPU.Build.0 = Release|Any CPU
		{4F78B915-6831-40E2-8CB4-6700C9805D02}.Debug|Any CPU.ActiveCfg = Debug|Any CPU
		{4F78B915-6831-40E2-8CB4-6700C9805D02}.Debug|Any CPU.Build.0 = Debug|Any CPU
		{4F78B915-6831-40E2-8CB4-6700C9805D02}.Release|Any CPU.ActiveCfg = Release|Any CPU
		{4F78B915-6831-40E2-8CB4-6700C9805D02}.Release|Any CPU.Build.0 = Release|Any CPU
		{5C8CD0A5-88DF-4C5B-978F-C05D1EE74B9D}.Debug|Any CPU.ActiveCfg = Debug|Any CPU
		{5C8CD0A5-88DF-4C5B-978F-C05D1EE74B9D}.Debug|Any CPU.Build.0 = Debug|Any CPU
		{5C8CD0A5-88DF-4C5B-978F-C05D1EE74B9D}.Release|Any CPU.ActiveCfg = Release|Any CPU
		{5C8CD0A5-88DF-4C5B-978F-C05D1EE74B9D}.Release|Any CPU.Build.0 = Release|Any CPU
		{FC002E02-A987-4631-B332-5114CBC153AD}.Debug|Any CPU.ActiveCfg = Debug|Any CPU
		{FC002E02-A987-4631-B332-5114CBC153AD}.Debug|Any CPU.Build.0 = Debug|Any CPU
		{FC002E02-A987-4631-B332-5114CBC153AD}.Release|Any CPU.ActiveCfg = Release|Any CPU
		{FC002E02-A987-4631-B332-5114CBC153AD}.Release|Any CPU.Build.0 = Release|Any CPU
	EndGlobalSection
	GlobalSection(SolutionProperties) = preSolution
		HideSolutionNode = FALSE
	EndGlobalSection
	GlobalSection(ExtensibilityGlobals) = postSolution
		SolutionGuid = {AB14B1E4-143D-436C-88A8-61D3714BB0E0}
	EndGlobalSection
EndGlobal
