
Microsoft Visual Studio Solution File, Format Version 12.00
# Visual Studio Version 17
VisualStudioVersion = 17.6.33723.286
MinimumVisualStudioVersion = 10.0.40219.1
Project("{9A19103F-16F7-4668-BE54-9A1E7A4F7556}") = "OOP", "OOP\OOP.csproj", "{08E1CEA9-9EB6-43B5-8D0A-911E9E92F607}"
EndProject
Project("{9A19103F-16F7-4668-BE54-9A1E7A4F7556}") = "Singleton", "Singleton\Singleton.csproj", "{8A6A69BE-20F0-45C7-93E1-6EF538716D1E}"
EndProject
Project("{9A19103F-16F7-4668-BE54-9A1E7A4F7556}") = "Builder", "Builder\Builder.csproj", "{89C48A77-031F-4B0B-97D3-DF9380541ED7}"
EndProject
Project("{FAE04EC0-301F-11D3-BF4B-00C04F79EFBC}") = "Prototype", "Prototype\Prototype.csproj", "{3F015A07-0D6F-4818-BF98-CFEE2631AAE2}"
EndProject
Project("{FAE04EC0-301F-11D3-BF4B-00C04F79EFBC}") = "Bridge", "Bridge\Bridge.csproj", "{46F66ED2-0AE0-4983-9F38-EC3B81348ACB}"
EndProject
Global
	GlobalSection(SolutionConfigurationPlatforms) = preSolution
		Debug|Any CPU = Debug|Any CPU
		Release|Any CPU = Release|Any CPU
	EndGlobalSection
	GlobalSection(ProjectConfigurationPlatforms) = postSolution
		{08E1CEA9-9EB6-43B5-8D0A-911E9E92F607}.Debug|Any CPU.ActiveCfg = Debug|Any CPU
		{08E1CEA9-9EB6-43B5-8D0A-911E9E92F607}.Debug|Any CPU.Build.0 = Debug|Any CPU
		{08E1CEA9-9EB6-43B5-8D0A-911E9E92F607}.Release|Any CPU.ActiveCfg = Release|Any CPU
		{08E1CEA9-9EB6-43B5-8D0A-911E9E92F607}.Release|Any CPU.Build.0 = Release|Any CPU
		{8A6A69BE-20F0-45C7-93E1-6EF538716D1E}.Debug|Any CPU.ActiveCfg = Debug|Any CPU
		{8A6A69BE-20F0-45C7-93E1-6EF538716D1E}.Debug|Any CPU.Build.0 = Debug|Any CPU
		{8A6A69BE-20F0-45C7-93E1-6EF538716D1E}.Release|Any CPU.ActiveCfg = Release|Any CPU
		{8A6A69BE-20F0-45C7-93E1-6EF538716D1E}.Release|Any CPU.Build.0 = Release|Any CPU
		{89C48A77-031F-4B0B-97D3-DF9380541ED7}.Debug|Any CPU.ActiveCfg = Debug|Any CPU
		{89C48A77-031F-4B0B-97D3-DF9380541ED7}.Debug|Any CPU.Build.0 = Debug|Any CPU
		{89C48A77-031F-4B0B-97D3-DF9380541ED7}.Release|Any CPU.ActiveCfg = Release|Any CPU
		{89C48A77-031F-4B0B-97D3-DF9380541ED7}.Release|Any CPU.Build.0 = Release|Any CPU
		{3F015A07-0D6F-4818-BF98-CFEE2631AAE2}.Debug|Any CPU.ActiveCfg = Debug|Any CPU
		{3F015A07-0D6F-4818-BF98-CFEE2631AAE2}.Debug|Any CPU.Build.0 = Debug|Any CPU
		{3F015A07-0D6F-4818-BF98-CFEE2631AAE2}.Release|Any CPU.ActiveCfg = Release|Any CPU
		{3F015A07-0D6F-4818-BF98-CFEE2631AAE2}.Release|Any CPU.Build.0 = Release|Any CPU
		{46F66ED2-0AE0-4983-9F38-EC3B81348ACB}.Debug|Any CPU.ActiveCfg = Debug|Any CPU
		{46F66ED2-0AE0-4983-9F38-EC3B81348ACB}.Debug|Any CPU.Build.0 = Debug|Any CPU
		{46F66ED2-0AE0-4983-9F38-EC3B81348ACB}.Release|Any CPU.ActiveCfg = Release|Any CPU
		{46F66ED2-0AE0-4983-9F38-EC3B81348ACB}.Release|Any CPU.Build.0 = Release|Any CPU
	EndGlobalSection
	GlobalSection(SolutionProperties) = preSolution
		HideSolutionNode = FALSE
	EndGlobalSection
	GlobalSection(ExtensibilityGlobals) = postSolution
		SolutionGuid = {AB14B1E4-143D-436C-88A8-61D3714BB0E0}
	EndGlobalSection
EndGlobal
